
Microsoft Visual Studio Solution File, Format Version 12.00
# Visual Studio Version 17
VisualStudioVersion = 17.11.35312.102
MinimumVisualStudioVersion = 10.0.40219.1
Project("{FAE04EC0-301F-11D3-BF4B-00C04F79EFBC}") = "gp10", "gp10.csproj", "{8E3F12A1-66E4-4B62-B941-A00124534620}"
EndProject
Global
	GlobalSection(SolutionConfigurationPlatforms) = preSolution
		Debug|Any CPU = Debug|Any CPU
		Release|Any CPU = Release|Any CPU
	EndGlobalSection
	GlobalSection(ProjectConfigurationPlatforms) = postSolution
		{8E3F12A1-66E4-4B62-B941-A00124534620}.Debug|Any CPU.ActiveCfg = Debug|Any CPU
		{8E3F12A1-66E4-4B62-B941-A00124534620}.Debug|Any CPU.Build.0 = Debug|Any CPU
		{8E3F12A1-66E4-4B62-B941-A00124534620}.Release|Any CPU.ActiveCfg = Release|Any CPU
		{8E3F12A1-66E4-4B62-B941-A00124534620}.Release|Any CPU.Build.0 = Release|Any CPU
	EndGlobalSection
	GlobalSection(SolutionProperties) = preSolution
		HideSolutionNode = FALSE
	EndGlobalSection
	GlobalSection(ExtensibilityGlobals) = postSolution
		SolutionGuid = {235B0412-73E9-4FAF-8F0D-07487960B1A0}
	EndGlobalSection
EndGlobal
